
Microsoft Visual Studio Solution File, Format Version 12.00
# Visual Studio 15
VisualStudioVersion = 15.0.26124.0
MinimumVisualStudioVersion = 15.0.26124.0
Project("{2150E333-8FDC-42A3-9474-1A3956D46DE8}") = "src", "src", "{6835045B-6BE6-4532-830F-FEC618962CC2}"
EndProject
Project("{FAE04EC0-301F-11D3-BF4B-00C04F79EFBC}") = "RavenDB.Queries", "src\RavenDB.Queries\RavenDB.Queries.csproj", "{AD71B14D-690D-4268-B33B-ED9EABE7E3E1}"
EndProject
Project("{2150E333-8FDC-42A3-9474-1A3956D46DE8}") = "tests", "tests", "{E8550629-4B2D-4003-8C99-BCDA8D73DE46}"
EndProject
Project("{FAE04EC0-301F-11D3-BF4B-00C04F79EFBC}") = "RavenDB.Queries.Tests", "tests\RavenDB.Queries.Tests\RavenDB.Queries.Tests.csproj", "{26B2944A-B2C6-4F27-BD9A-99E4A097317B}"
EndProject
Global
	GlobalSection(SolutionConfigurationPlatforms) = preSolution
		Debug|Any CPU = Debug|Any CPU
		Debug|x64 = Debug|x64
		Debug|x86 = Debug|x86
		Release|Any CPU = Release|Any CPU
		Release|x64 = Release|x64
		Release|x86 = Release|x86
	EndGlobalSection
	GlobalSection(SolutionProperties) = preSolution
		HideSolutionNode = FALSE
	EndGlobalSection
	GlobalSection(ProjectConfigurationPlatforms) = postSolution
		{AD71B14D-690D-4268-B33B-ED9EABE7E3E1}.Debug|Any CPU.ActiveCfg = Debug|Any CPU
		{AD71B14D-690D-4268-B33B-ED9EABE7E3E1}.Debug|Any CPU.Build.0 = Debug|Any CPU
		{AD71B14D-690D-4268-B33B-ED9EABE7E3E1}.Debug|x64.ActiveCfg = Debug|Any CPU
		{AD71B14D-690D-4268-B33B-ED9EABE7E3E1}.Debug|x64.Build.0 = Debug|Any CPU
		{AD71B14D-690D-4268-B33B-ED9EABE7E3E1}.Debug|x86.ActiveCfg = Debug|Any CPU
		{AD71B14D-690D-4268-B33B-ED9EABE7E3E1}.Debug|x86.Build.0 = Debug|Any CPU
		{AD71B14D-690D-4268-B33B-ED9EABE7E3E1}.Release|Any CPU.ActiveCfg = Release|Any CPU
		{AD71B14D-690D-4268-B33B-ED9EABE7E3E1}.Release|Any CPU.Build.0 = Release|Any CPU
		{AD71B14D-690D-4268-B33B-ED9EABE7E3E1}.Release|x64.ActiveCfg = Release|Any CPU
		{AD71B14D-690D-4268-B33B-ED9EABE7E3E1}.Release|x64.Build.0 = Release|Any CPU
		{AD71B14D-690D-4268-B33B-ED9EABE7E3E1}.Release|x86.ActiveCfg = Release|Any CPU
		{AD71B14D-690D-4268-B33B-ED9EABE7E3E1}.Release|x86.Build.0 = Release|Any CPU
		{26B2944A-B2C6-4F27-BD9A-99E4A097317B}.Debug|Any CPU.ActiveCfg = Debug|Any CPU
		{26B2944A-B2C6-4F27-BD9A-99E4A097317B}.Debug|Any CPU.Build.0 = Debug|Any CPU
		{26B2944A-B2C6-4F27-BD9A-99E4A097317B}.Debug|x64.ActiveCfg = Debug|Any CPU
		{26B2944A-B2C6-4F27-BD9A-99E4A097317B}.Debug|x64.Build.0 = Debug|Any CPU
		{26B2944A-B2C6-4F27-BD9A-99E4A097317B}.Debug|x86.ActiveCfg = Debug|Any CPU
		{26B2944A-B2C6-4F27-BD9A-99E4A097317B}.Debug|x86.Build.0 = Debug|Any CPU
		{26B2944A-B2C6-4F27-BD9A-99E4A097317B}.Release|Any CPU.ActiveCfg = Release|Any CPU
		{26B2944A-B2C6-4F27-BD9A-99E4A097317B}.Release|Any CPU.Build.0 = Release|Any CPU
		{26B2944A-B2C6-4F27-BD9A-99E4A097317B}.Release|x64.ActiveCfg = Release|Any CPU
		{26B2944A-B2C6-4F27-BD9A-99E4A097317B}.Release|x64.Build.0 = Release|Any CPU
		{26B2944A-B2C6-4F27-BD9A-99E4A097317B}.Release|x86.ActiveCfg = Release|Any CPU
		{26B2944A-B2C6-4F27-BD9A-99E4A097317B}.Release|x86.Build.0 = Release|Any CPU
	EndGlobalSection
	GlobalSection(NestedProjects) = preSolution
		{AD71B14D-690D-4268-B33B-ED9EABE7E3E1} = {6835045B-6BE6-4532-830F-FEC618962CC2}
		{26B2944A-B2C6-4F27-BD9A-99E4A097317B} = {E8550629-4B2D-4003-8C99-BCDA8D73DE46}
	EndGlobalSection
EndGlobal
